
Microsoft Visual Studio Solution File, Format Version 12.00
Project("{FAE04EC0-301F-11D3-BF4B-00C04F79EFBC}") = "CollectionBenchmark", "CollectionBenchmark\CollectionBenchmark.csproj", "{E57DA9DA-8ABE-466C-A3B8-1BC800650F53}"
EndProject
Global
	GlobalSection(SolutionConfigurationPlatforms) = preSolution
		Debug|Any CPU = Debug|Any CPU
		Release|Any CPU = Release|Any CPU
	EndGlobalSection
	GlobalSection(ProjectConfigurationPlatforms) = postSolution
		{E57DA9DA-8ABE-466C-A3B8-1BC800650F53}.Debug|Any CPU.ActiveCfg = Debug|Any CPU
		{E57DA9DA-8ABE-466C-A3B8-1BC800650F53}.Debug|Any CPU.Build.0 = Debug|Any CPU
		{E57DA9DA-8ABE-466C-A3B8-1BC800650F53}.Release|Any CPU.ActiveCfg = Release|Any CPU
		{E57DA9DA-8ABE-466C-A3B8-1BC800650F53}.Release|Any CPU.Build.0 = Release|Any CPU
	EndGlobalSection
EndGlobal
